
Microsoft Visual Studio Solution File, Format Version 12.00
# Visual Studio 15
VisualStudioVersion = 15.0.27703.2026
MinimumVisualStudioVersion = 10.0.40219.1
Project("{9092AA53-FB77-4645-B42D-1CCCA6BD08BD}") = "Data2csv", "Data2csv\Data2csv.njsproj", "{16CC8364-B623-46A7-8A9E-5385AFD7599B}"
EndProject
Global
	GlobalSection(SolutionConfigurationPlatforms) = preSolution
		Debug|Any CPU = Debug|Any CPU
		Release|Any CPU = Release|Any CPU
	EndGlobalSection
	GlobalSection(ProjectConfigurationPlatforms) = postSolution
		{16CC8364-B623-46A7-8A9E-5385AFD7599B}.Debug|Any CPU.ActiveCfg = Debug|Any CPU
		{16CC8364-B623-46A7-8A9E-5385AFD7599B}.Debug|Any CPU.Build.0 = Debug|Any CPU
		{16CC8364-B623-46A7-8A9E-5385AFD7599B}.Release|Any CPU.ActiveCfg = Release|Any CPU
		{16CC8364-B623-46A7-8A9E-5385AFD7599B}.Release|Any CPU.Build.0 = Release|Any CPU
	EndGlobalSection
	GlobalSection(SolutionProperties) = preSolution
		HideSolutionNode = FALSE
	EndGlobalSection
	GlobalSection(ExtensibilityGlobals) = postSolution
		SolutionGuid = {59ABB4C1-211B-4C04-9AFC-E1336782C657}
	EndGlobalSection
EndGlobal
